
Microsoft Visual Studio Solution File, Format Version 12.00
# Visual Studio 2013
VisualStudioVersion = 12.0.31101.0
MinimumVisualStudioVersion = 10.0.40219.1
Project("{FAE04EC0-301F-11D3-BF4B-00C04F79EFBC}") = "UserInterface", "UserInterface\UserInterface.csproj", "{776A0C5C-7E53-4683-88F2-2231AB6DCD84}"
EndProject
Project("{FAE04EC0-301F-11D3-BF4B-00C04F79EFBC}") = "DomainModel", "DomainModel\DomainModel.csproj", "{0749E63B-B5D3-44A0-B6B8-CBA91EE014F8}"
EndProject
Project("{FAE04EC0-301F-11D3-BF4B-00C04F79EFBC}") = "CommerceSqlDataAccess", "CommerceSqlDataAccess\CommerceSqlDataAccess.csproj", "{DB01EDAB-EC7C-4700-AAEA-2FCA35CEB80E}"
EndProject
Project("{FAE04EC0-301F-11D3-BF4B-00C04F79EFBC}") = "ProductWcfAgent", "ProductWcfAgent\ProductWcfAgent.csproj", "{D3813322-AD71-4310-B14F-8CB64D9E2AFE}"
EndProject
Project("{FAE04EC0-301F-11D3-BF4B-00C04F79EFBC}") = "ProductManagementClient", "ProductManagementClient\ProductManagementClient.csproj", "{29728B70-173E-496A-B438-830D5D6E122D}"
EndProject
Project("{FAE04EC0-301F-11D3-BF4B-00C04F79EFBC}") = "PresentationLogic", "PresentationLogic\PresentationLogic.csproj", "{16185DB8-CFE9-4CE3-8569-8042F12BBB5D}"
EndProject
Project("{2150E333-8FDC-42A3-9474-1A3956D46DE8}") = "CommerceChapters1-3", "CommerceChapters1-3", "{F6D9BD72-AE17-4D35-97F4-ACC08AAA3C93}"
EndProject
Project("{2150E333-8FDC-42A3-9474-1A3956D46DE8}") = "PresentationChapters4-6", "PresentationChapters4-6", "{3C069EBA-6986-45D5-9844-59C24514EB32}"
EndProject
Project("{2150E333-8FDC-42A3-9474-1A3956D46DE8}") = "LifeTime", "LifeTime", "{324AAB73-F705-4254-91D0-88CB01D13440}"
EndProject
Project("{FAE04EC0-301F-11D3-BF4B-00C04F79EFBC}") = "Lifetime", "Lifetime\Lifetime.csproj", "{E07C199B-9DEE-4FB2-93E1-820CED9D46E8}"
EndProject
Project("{2150E333-8FDC-42A3-9474-1A3956D46DE8}") = "AssortedCodeSnippets", "AssortedCodeSnippets", "{4A552FC3-26C5-4F08-8943-4F25574174B9}"
EndProject
Project("{FAE04EC0-301F-11D3-BF4B-00C04F79EFBC}") = "AssortedCodeSnippets", "AssortedCodeSnippets\AssortedCodeSnippets.csproj", "{531E2E3B-549E-4937-8E85-D7DC651D6454}"
EndProject
Project("{FAE04EC0-301F-11D3-BF4B-00C04F79EFBC}") = "IntegrationTests", "IntegrationTests\IntegrationTests.csproj", "{C62078FB-0359-4CE8-A268-B080C182EA42}"
EndProject
Project("{FAE04EC0-301F-11D3-BF4B-00C04F79EFBC}") = "UpdateCurrency", "UpdateCurrency\UpdateCurrency.csproj", "{56DE6C7C-B210-4AF7-A928-D0F4E9F66D24}"
EndProject
Project("{FAE04EC0-301F-11D3-BF4B-00C04F79EFBC}") = "UpdateCurrencyApplicationServices", "UpdateCurrencyApplicationServices\UpdateCurrencyApplicationServices.csproj", "{D399E3AF-6D64-49AF-9DBD-5485F2F906EF}"
EndProject
Project("{FAE04EC0-301F-11D3-BF4B-00C04F79EFBC}") = "CampaignManagementUI", "CampaignManagementUI\CampaignManagementUI.csproj", "{30BDC048-BF4D-4E0D-A8A6-16CE5F8EA333}"
EndProject
Project("{FAE04EC0-301F-11D3-BF4B-00C04F79EFBC}") = "CampaignPresentationLogic", "CampaignPresentationLogic\CampaignPresentationLogic.csproj", "{41ED50A1-B2E1-46BE-B879-7BF306BBE58D}"
EndProject
Project("{2150E333-8FDC-42A3-9474-1A3956D46DE8}") = "WebFormsContainer", "WebFormsContainer", "{53904EA0-7A6D-4440-8506-56E639178009}"
EndProject
Project("{2150E333-8FDC-42A3-9474-1A3956D46DE8}") = "PowerShellContainer", "PowerShellContainer", "{B4BB191C-E507-483B-823B-BF99E228DDF4}"
EndProject
Project("{FAE04EC0-301F-11D3-BF4B-00C04F79EFBC}") = "BasketPowerShell", "BasketPowerShell\BasketPowerShell.csproj", "{2E258E64-47BA-4215-B7C6-6FB879D1A9E7}"
EndProject
Project("{FAE04EC0-301F-11D3-BF4B-00C04F79EFBC}") = "BasketPowerShellLogic", "BasketPowerShellLogic\BasketPowerShellLogic.csproj", "{0CBE3693-6AD4-4907-9E45-04978B12BE82}"
EndProject
Project("{FAE04EC0-301F-11D3-BF4B-00C04F79EFBC}") = "LifetimeUnitTest", "LifetimeUnitTest\LifetimeUnitTest.csproj", "{37BFB5D8-64B5-4FB1-8C2B-E393ED6DD995}"
EndProject
Project("{FAE04EC0-301F-11D3-BF4B-00C04F79EFBC}") = "MvcLifetime", "MvcLifetime\MvcLifetime.csproj", "{A124BF8C-F6FF-4E24-A9FE-FB9B0EE60156}"
EndProject
Project("{2150E333-8FDC-42A3-9474-1A3956D46DE8}") = "DI_Frameworks", "DI_Frameworks", "{F0BCFCC4-E96E-4B36-8C3E-1613075C1F0F}"
EndProject
Project("{FAE04EC0-301F-11D3-BF4B-00C04F79EFBC}") = "WindsorMenu", "WindsorMenu\WindsorMenu.csproj", "{755B32D9-BD3C-4AC6-89D2-ABA10775A6EC}"
EndProject
Project("{FAE04EC0-301F-11D3-BF4B-00C04F79EFBC}") = "MenuModel", "MenuModel\MenuModel.csproj", "{AD295A33-D6F5-4109-91EC-5963C57DBE9F}"
EndProject
Project("{FAE04EC0-301F-11D3-BF4B-00C04F79EFBC}") = "CacheModel", "CacheModel\CacheModel.csproj", "{498CF752-41FC-4343-BDCE-26BE8F8B9477}"
EndProject
Project("{FAE04EC0-301F-11D3-BF4B-00C04F79EFBC}") = "StructureMapMenu", "StructureMapMenu\StructureMapMenu.csproj", "{01302201-834E-485C-BD20-59BD6B7E4549}"
EndProject
Project("{FAE04EC0-301F-11D3-BF4B-00C04F79EFBC}") = "AutofacMenu", "AutofacMenu\AutofacMenu.csproj", "{63AA02F1-0D80-46E6-AE96-A7A33FB53684}"
EndProject
Project("{FAE04EC0-301F-11D3-BF4B-00C04F79EFBC}") = "UnityMenu", "UnityMenu\UnityMenu.csproj", "{5B391F6B-BEDF-4FD7-89F7-7EEF5DA1F26D}"
EndProject
Project("{FAE04EC0-301F-11D3-BF4B-00C04F79EFBC}") = "MefMenu", "MefMenu\MefMenu.csproj", "{2B34DAA6-5A5B-48B2-A4E0-EED8F3864ADA}"
EndProject
Global
	GlobalSection(SolutionConfigurationPlatforms) = preSolution
		Debug|Any CPU = Debug|Any CPU
		Release|Any CPU = Release|Any CPU
	EndGlobalSection
	GlobalSection(ProjectConfigurationPlatforms) = postSolution
		{776A0C5C-7E53-4683-88F2-2231AB6DCD84}.Debug|Any CPU.ActiveCfg = Debug|Any CPU
		{776A0C5C-7E53-4683-88F2-2231AB6DCD84}.Debug|Any CPU.Build.0 = Debug|Any CPU
		{776A0C5C-7E53-4683-88F2-2231AB6DCD84}.Release|Any CPU.ActiveCfg = Release|Any CPU
		{776A0C5C-7E53-4683-88F2-2231AB6DCD84}.Release|Any CPU.Build.0 = Release|Any CPU
		{0749E63B-B5D3-44A0-B6B8-CBA91EE014F8}.Debug|Any CPU.ActiveCfg = Debug|Any CPU
		{0749E63B-B5D3-44A0-B6B8-CBA91EE014F8}.Debug|Any CPU.Build.0 = Debug|Any CPU
		{0749E63B-B5D3-44A0-B6B8-CBA91EE014F8}.Release|Any CPU.ActiveCfg = Release|Any CPU
		{0749E63B-B5D3-44A0-B6B8-CBA91EE014F8}.Release|Any CPU.Build.0 = Release|Any CPU
		{DB01EDAB-EC7C-4700-AAEA-2FCA35CEB80E}.Debug|Any CPU.ActiveCfg = Debug|Any CPU
		{DB01EDAB-EC7C-4700-AAEA-2FCA35CEB80E}.Debug|Any CPU.Build.0 = Debug|Any CPU
		{DB01EDAB-EC7C-4700-AAEA-2FCA35CEB80E}.Release|Any CPU.ActiveCfg = Release|Any CPU
		{DB01EDAB-EC7C-4700-AAEA-2FCA35CEB80E}.Release|Any CPU.Build.0 = Release|Any CPU
		{D3813322-AD71-4310-B14F-8CB64D9E2AFE}.Debug|Any CPU.ActiveCfg = Debug|Any CPU
		{D3813322-AD71-4310-B14F-8CB64D9E2AFE}.Debug|Any CPU.Build.0 = Debug|Any CPU
		{D3813322-AD71-4310-B14F-8CB64D9E2AFE}.Release|Any CPU.ActiveCfg = Release|Any CPU
		{D3813322-AD71-4310-B14F-8CB64D9E2AFE}.Release|Any CPU.Build.0 = Release|Any CPU
		{29728B70-173E-496A-B438-830D5D6E122D}.Debug|Any CPU.ActiveCfg = Debug|Any CPU
		{29728B70-173E-496A-B438-830D5D6E122D}.Debug|Any CPU.Build.0 = Debug|Any CPU
		{29728B70-173E-496A-B438-830D5D6E122D}.Release|Any CPU.ActiveCfg = Release|Any CPU
		{29728B70-173E-496A-B438-830D5D6E122D}.Release|Any CPU.Build.0 = Release|Any CPU
		{16185DB8-CFE9-4CE3-8569-8042F12BBB5D}.Debug|Any CPU.ActiveCfg = Debug|Any CPU
		{16185DB8-CFE9-4CE3-8569-8042F12BBB5D}.Debug|Any CPU.Build.0 = Debug|Any CPU
		{16185DB8-CFE9-4CE3-8569-8042F12BBB5D}.Release|Any CPU.ActiveCfg = Release|Any CPU
		{16185DB8-CFE9-4CE3-8569-8042F12BBB5D}.Release|Any CPU.Build.0 = Release|Any CPU
		{E07C199B-9DEE-4FB2-93E1-820CED9D46E8}.Debug|Any CPU.ActiveCfg = Debug|Any CPU
		{E07C199B-9DEE-4FB2-93E1-820CED9D46E8}.Debug|Any CPU.Build.0 = Debug|Any CPU
		{E07C199B-9DEE-4FB2-93E1-820CED9D46E8}.Release|Any CPU.ActiveCfg = Release|Any CPU
		{E07C199B-9DEE-4FB2-93E1-820CED9D46E8}.Release|Any CPU.Build.0 = Release|Any CPU
		{531E2E3B-549E-4937-8E85-D7DC651D6454}.Debug|Any CPU.ActiveCfg = Debug|Any CPU
		{531E2E3B-549E-4937-8E85-D7DC651D6454}.Debug|Any CPU.Build.0 = Debug|Any CPU
		{531E2E3B-549E-4937-8E85-D7DC651D6454}.Release|Any CPU.ActiveCfg = Release|Any CPU
		{531E2E3B-549E-4937-8E85-D7DC651D6454}.Release|Any CPU.Build.0 = Release|Any CPU
		{C62078FB-0359-4CE8-A268-B080C182EA42}.Debug|Any CPU.ActiveCfg = Debug|Any CPU
		{C62078FB-0359-4CE8-A268-B080C182EA42}.Debug|Any CPU.Build.0 = Debug|Any CPU
		{C62078FB-0359-4CE8-A268-B080C182EA42}.Release|Any CPU.ActiveCfg = Release|Any CPU
		{C62078FB-0359-4CE8-A268-B080C182EA42}.Release|Any CPU.Build.0 = Release|Any CPU
		{56DE6C7C-B210-4AF7-A928-D0F4E9F66D24}.Debug|Any CPU.ActiveCfg = Debug|Any CPU
		{56DE6C7C-B210-4AF7-A928-D0F4E9F66D24}.Debug|Any CPU.Build.0 = Debug|Any CPU
		{56DE6C7C-B210-4AF7-A928-D0F4E9F66D24}.Release|Any CPU.ActiveCfg = Release|Any CPU
		{56DE6C7C-B210-4AF7-A928-D0F4E9F66D24}.Release|Any CPU.Build.0 = Release|Any CPU
		{D399E3AF-6D64-49AF-9DBD-5485F2F906EF}.Debug|Any CPU.ActiveCfg = Debug|Any CPU
		{D399E3AF-6D64-49AF-9DBD-5485F2F906EF}.Debug|Any CPU.Build.0 = Debug|Any CPU
		{D399E3AF-6D64-49AF-9DBD-5485F2F906EF}.Release|Any CPU.ActiveCfg = Release|Any CPU
		{D399E3AF-6D64-49AF-9DBD-5485F2F906EF}.Release|Any CPU.Build.0 = Release|Any CPU
		{30BDC048-BF4D-4E0D-A8A6-16CE5F8EA333}.Debug|Any CPU.ActiveCfg = Debug|Any CPU
		{30BDC048-BF4D-4E0D-A8A6-16CE5F8EA333}.Debug|Any CPU.Build.0 = Debug|Any CPU
		{30BDC048-BF4D-4E0D-A8A6-16CE5F8EA333}.Release|Any CPU.ActiveCfg = Release|Any CPU
		{30BDC048-BF4D-4E0D-A8A6-16CE5F8EA333}.Release|Any CPU.Build.0 = Release|Any CPU
		{41ED50A1-B2E1-46BE-B879-7BF306BBE58D}.Debug|Any CPU.ActiveCfg = Debug|Any CPU
		{41ED50A1-B2E1-46BE-B879-7BF306BBE58D}.Debug|Any CPU.Build.0 = Debug|Any CPU
		{41ED50A1-B2E1-46BE-B879-7BF306BBE58D}.Release|Any CPU.ActiveCfg = Release|Any CPU
		{41ED50A1-B2E1-46BE-B879-7BF306BBE58D}.Release|Any CPU.Build.0 = Release|Any CPU
		{2E258E64-47BA-4215-B7C6-6FB879D1A9E7}.Debug|Any CPU.ActiveCfg = Debug|Any CPU
		{2E258E64-47BA-4215-B7C6-6FB879D1A9E7}.Debug|Any CPU.Build.0 = Debug|Any CPU
		{2E258E64-47BA-4215-B7C6-6FB879D1A9E7}.Release|Any CPU.ActiveCfg = Release|Any CPU
		{2E258E64-47BA-4215-B7C6-6FB879D1A9E7}.Release|Any CPU.Build.0 = Release|Any CPU
		{0CBE3693-6AD4-4907-9E45-04978B12BE82}.Debug|Any CPU.ActiveCfg = Debug|Any CPU
		{0CBE3693-6AD4-4907-9E45-04978B12BE82}.Debug|Any CPU.Build.0 = Debug|Any CPU
		{0CBE3693-6AD4-4907-9E45-04978B12BE82}.Release|Any CPU.ActiveCfg = Release|Any CPU
		{0CBE3693-6AD4-4907-9E45-04978B12BE82}.Release|Any CPU.Build.0 = Release|Any CPU
		{37BFB5D8-64B5-4FB1-8C2B-E393ED6DD995}.Debug|Any CPU.ActiveCfg = Debug|Any CPU
		{37BFB5D8-64B5-4FB1-8C2B-E393ED6DD995}.Debug|Any CPU.Build.0 = Debug|Any CPU
		{37BFB5D8-64B5-4FB1-8C2B-E393ED6DD995}.Release|Any CPU.ActiveCfg = Release|Any CPU
		{37BFB5D8-64B5-4FB1-8C2B-E393ED6DD995}.Release|Any CPU.Build.0 = Release|Any CPU
		{A124BF8C-F6FF-4E24-A9FE-FB9B0EE60156}.Debug|Any CPU.ActiveCfg = Debug|Any CPU
		{A124BF8C-F6FF-4E24-A9FE-FB9B0EE60156}.Debug|Any CPU.Build.0 = Debug|Any CPU
		{A124BF8C-F6FF-4E24-A9FE-FB9B0EE60156}.Release|Any CPU.ActiveCfg = Release|Any CPU
		{A124BF8C-F6FF-4E24-A9FE-FB9B0EE60156}.Release|Any CPU.Build.0 = Release|Any CPU
		{755B32D9-BD3C-4AC6-89D2-ABA10775A6EC}.Debug|Any CPU.ActiveCfg = Debug|Any CPU
		{755B32D9-BD3C-4AC6-89D2-ABA10775A6EC}.Debug|Any CPU.Build.0 = Debug|Any CPU
		{755B32D9-BD3C-4AC6-89D2-ABA10775A6EC}.Release|Any CPU.ActiveCfg = Release|Any CPU
		{755B32D9-BD3C-4AC6-89D2-ABA10775A6EC}.Release|Any CPU.Build.0 = Release|Any CPU
		{AD295A33-D6F5-4109-91EC-5963C57DBE9F}.Debug|Any CPU.ActiveCfg = Debug|Any CPU
		{AD295A33-D6F5-4109-91EC-5963C57DBE9F}.Debug|Any CPU.Build.0 = Debug|Any CPU
		{AD295A33-D6F5-4109-91EC-5963C57DBE9F}.Release|Any CPU.ActiveCfg = Release|Any CPU
		{AD295A33-D6F5-4109-91EC-5963C57DBE9F}.Release|Any CPU.Build.0 = Release|Any CPU
		{498CF752-41FC-4343-BDCE-26BE8F8B9477}.Debug|Any CPU.ActiveCfg = Debug|Any CPU
		{498CF752-41FC-4343-BDCE-26BE8F8B9477}.Debug|Any CPU.Build.0 = Debug|Any CPU
		{498CF752-41FC-4343-BDCE-26BE8F8B9477}.Release|Any CPU.ActiveCfg = Release|Any CPU
		{498CF752-41FC-4343-BDCE-26BE8F8B9477}.Release|Any CPU.Build.0 = Release|Any CPU
		{01302201-834E-485C-BD20-59BD6B7E4549}.Debug|Any CPU.ActiveCfg = Debug|Any CPU
		{01302201-834E-485C-BD20-59BD6B7E4549}.Debug|Any CPU.Build.0 = Debug|Any CPU
		{01302201-834E-485C-BD20-59BD6B7E4549}.Release|Any CPU.ActiveCfg = Release|Any CPU
		{01302201-834E-485C-BD20-59BD6B7E4549}.Release|Any CPU.Build.0 = Release|Any CPU
		{63AA02F1-0D80-46E6-AE96-A7A33FB53684}.Debug|Any CPU.ActiveCfg = Debug|Any CPU
		{63AA02F1-0D80-46E6-AE96-A7A33FB53684}.Debug|Any CPU.Build.0 = Debug|Any CPU
		{63AA02F1-0D80-46E6-AE96-A7A33FB53684}.Release|Any CPU.ActiveCfg = Release|Any CPU
		{63AA02F1-0D80-46E6-AE96-A7A33FB53684}.Release|Any CPU.Build.0 = Release|Any CPU
		{5B391F6B-BEDF-4FD7-89F7-7EEF5DA1F26D}.Debug|Any CPU.ActiveCfg = Debug|Any CPU
		{5B391F6B-BEDF-4FD7-89F7-7EEF5DA1F26D}.Debug|Any CPU.Build.0 = Debug|Any CPU
		{5B391F6B-BEDF-4FD7-89F7-7EEF5DA1F26D}.Release|Any CPU.ActiveCfg = Release|Any CPU
		{5B391F6B-BEDF-4FD7-89F7-7EEF5DA1F26D}.Release|Any CPU.Build.0 = Release|Any CPU
		{2B34DAA6-5A5B-48B2-A4E0-EED8F3864ADA}.Debug|Any CPU.ActiveCfg = Debug|Any CPU
		{2B34DAA6-5A5B-48B2-A4E0-EED8F3864ADA}.Debug|Any CPU.Build.0 = Debug|Any CPU
		{2B34DAA6-5A5B-48B2-A4E0-EED8F3864ADA}.Release|Any CPU.ActiveCfg = Release|Any CPU
		{2B34DAA6-5A5B-48B2-A4E0-EED8F3864ADA}.Release|Any CPU.Build.0 = Release|Any CPU
	EndGlobalSection
	GlobalSection(SolutionProperties) = preSolution
		HideSolutionNode = FALSE
	EndGlobalSection
	GlobalSection(NestedProjects) = preSolution
		{776A0C5C-7E53-4683-88F2-2231AB6DCD84} = {F6D9BD72-AE17-4D35-97F4-ACC08AAA3C93}
		{0749E63B-B5D3-44A0-B6B8-CBA91EE014F8} = {F6D9BD72-AE17-4D35-97F4-ACC08AAA3C93}
		{DB01EDAB-EC7C-4700-AAEA-2FCA35CEB80E} = {F6D9BD72-AE17-4D35-97F4-ACC08AAA3C93}
		{D3813322-AD71-4310-B14F-8CB64D9E2AFE} = {3C069EBA-6986-45D5-9844-59C24514EB32}
		{29728B70-173E-496A-B438-830D5D6E122D} = {3C069EBA-6986-45D5-9844-59C24514EB32}
		{16185DB8-CFE9-4CE3-8569-8042F12BBB5D} = {3C069EBA-6986-45D5-9844-59C24514EB32}
		{E07C199B-9DEE-4FB2-93E1-820CED9D46E8} = {324AAB73-F705-4254-91D0-88CB01D13440}
		{531E2E3B-549E-4937-8E85-D7DC651D6454} = {4A552FC3-26C5-4F08-8943-4F25574174B9}
		{C62078FB-0359-4CE8-A268-B080C182EA42} = {F6D9BD72-AE17-4D35-97F4-ACC08AAA3C93}
		{56DE6C7C-B210-4AF7-A928-D0F4E9F66D24} = {F6D9BD72-AE17-4D35-97F4-ACC08AAA3C93}
		{D399E3AF-6D64-49AF-9DBD-5485F2F906EF} = {F6D9BD72-AE17-4D35-97F4-ACC08AAA3C93}
		{30BDC048-BF4D-4E0D-A8A6-16CE5F8EA333} = {53904EA0-7A6D-4440-8506-56E639178009}
		{41ED50A1-B2E1-46BE-B879-7BF306BBE58D} = {53904EA0-7A6D-4440-8506-56E639178009}
		{2E258E64-47BA-4215-B7C6-6FB879D1A9E7} = {B4BB191C-E507-483B-823B-BF99E228DDF4}
		{0CBE3693-6AD4-4907-9E45-04978B12BE82} = {B4BB191C-E507-483B-823B-BF99E228DDF4}
		{37BFB5D8-64B5-4FB1-8C2B-E393ED6DD995} = {324AAB73-F705-4254-91D0-88CB01D13440}
		{A124BF8C-F6FF-4E24-A9FE-FB9B0EE60156} = {324AAB73-F705-4254-91D0-88CB01D13440}
		{755B32D9-BD3C-4AC6-89D2-ABA10775A6EC} = {F0BCFCC4-E96E-4B36-8C3E-1613075C1F0F}
		{AD295A33-D6F5-4109-91EC-5963C57DBE9F} = {F0BCFCC4-E96E-4B36-8C3E-1613075C1F0F}
		{498CF752-41FC-4343-BDCE-26BE8F8B9477} = {F0BCFCC4-E96E-4B36-8C3E-1613075C1F0F}
		{01302201-834E-485C-BD20-59BD6B7E4549} = {F0BCFCC4-E96E-4B36-8C3E-1613075C1F0F}
		{63AA02F1-0D80-46E6-AE96-A7A33FB53684} = {F0BCFCC4-E96E-4B36-8C3E-1613075C1F0F}
		{5B391F6B-BEDF-4FD7-89F7-7EEF5DA1F26D} = {F0BCFCC4-E96E-4B36-8C3E-1613075C1F0F}
		{2B34DAA6-5A5B-48B2-A4E0-EED8F3864ADA} = {F0BCFCC4-E96E-4B36-8C3E-1613075C1F0F}
	EndGlobalSection
EndGlobal
